
Microsoft Visual Studio Solution File, Format Version 12.00
# Visual Studio 14
VisualStudioVersion = 14.0.25420.1
MinimumVisualStudioVersion = 10.0.40219.1
Project("{FAE04EC0-301F-11D3-BF4B-00C04F79EFBC}") = "AthleteRegistration", "AthleteRegistration\AthleteRegistration.csproj", "{923944C1-3CEA-4AA4-AF6C-39BDA864658F}"
EndProject
Project("{FAE04EC0-301F-11D3-BF4B-00C04F79EFBC}") = "AthleteRegistrationHost", "AthleteRegistrationHost\AthleteRegistrationHost.csproj", "{69BC1948-7676-433A-BFDC-1E3204BCBBD6}"
	ProjectSection(ProjectDependencies) = postProject
		{021A8787-4DE3-4451-A452-035C2F4CF0AA} = {021A8787-4DE3-4451-A452-035C2F4CF0AA}
	EndProjectSection
EndProject
Project("{FAE04EC0-301F-11D3-BF4B-00C04F79EFBC}") = "AthleteRegistrationService", "AthleteRegistrationService\AthleteRegistrationService.csproj", "{021A8787-4DE3-4451-A452-035C2F4CF0AA}"
EndProject
Project("{FAE04EC0-301F-11D3-BF4B-00C04F79EFBC}") = "AthleteAdmin", "AthleteAdmin\AthleteAdmin.csproj", "{28829F15-EE43-46C8-88AB-0020EAC0687E}"
EndProject
Project("{FAE04EC0-301F-11D3-BF4B-00C04F79EFBC}") = "AthleteRegistratrionServiceTests", "AthleteRegistratrionServiceTests\AthleteRegistratrionServiceTests.csproj", "{8EDF4429-251A-416D-BB68-93F227191BCF}"
EndProject
Project("{FAE04EC0-301F-11D3-BF4B-00C04F79EFBC}") = "AthleteAdminTests", "AthleteAdminTests\AthleteAdminTests.csproj", "{ABB0231E-B6CA-47F2-B488-EBD7032FB673}"
EndProject
Project("{2150E333-8FDC-42A3-9474-1A3956D46DE8}") = "Test Projects", "Test Projects", "{8A055BBA-9EDE-4A81-88C9-D20449EE3AF9}"
EndProject
Global
	GlobalSection(SolutionConfigurationPlatforms) = preSolution
		Debug|Any CPU = Debug|Any CPU
		Release|Any CPU = Release|Any CPU
	EndGlobalSection
	GlobalSection(ProjectConfigurationPlatforms) = postSolution
		{923944C1-3CEA-4AA4-AF6C-39BDA864658F}.Debug|Any CPU.ActiveCfg = Debug|Any CPU
		{923944C1-3CEA-4AA4-AF6C-39BDA864658F}.Debug|Any CPU.Build.0 = Debug|Any CPU
		{923944C1-3CEA-4AA4-AF6C-39BDA864658F}.Release|Any CPU.ActiveCfg = Release|Any CPU
		{923944C1-3CEA-4AA4-AF6C-39BDA864658F}.Release|Any CPU.Build.0 = Release|Any CPU
		{69BC1948-7676-433A-BFDC-1E3204BCBBD6}.Debug|Any CPU.ActiveCfg = Debug|Any CPU
		{69BC1948-7676-433A-BFDC-1E3204BCBBD6}.Debug|Any CPU.Build.0 = Debug|Any CPU
		{69BC1948-7676-433A-BFDC-1E3204BCBBD6}.Release|Any CPU.ActiveCfg = Release|Any CPU
		{69BC1948-7676-433A-BFDC-1E3204BCBBD6}.Release|Any CPU.Build.0 = Release|Any CPU
		{021A8787-4DE3-4451-A452-035C2F4CF0AA}.Debug|Any CPU.ActiveCfg = Debug|Any CPU
		{021A8787-4DE3-4451-A452-035C2F4CF0AA}.Debug|Any CPU.Build.0 = Debug|Any CPU
		{021A8787-4DE3-4451-A452-035C2F4CF0AA}.Release|Any CPU.ActiveCfg = Release|Any CPU
		{021A8787-4DE3-4451-A452-035C2F4CF0AA}.Release|Any CPU.Build.0 = Release|Any CPU
		{28829F15-EE43-46C8-88AB-0020EAC0687E}.Debug|Any CPU.ActiveCfg = Debug|Any CPU
		{28829F15-EE43-46C8-88AB-0020EAC0687E}.Debug|Any CPU.Build.0 = Debug|Any CPU
		{28829F15-EE43-46C8-88AB-0020EAC0687E}.Release|Any CPU.ActiveCfg = Release|Any CPU
		{28829F15-EE43-46C8-88AB-0020EAC0687E}.Release|Any CPU.Build.0 = Release|Any CPU
		{8EDF4429-251A-416D-BB68-93F227191BCF}.Debug|Any CPU.ActiveCfg = Debug|Any CPU
		{8EDF4429-251A-416D-BB68-93F227191BCF}.Debug|Any CPU.Build.0 = Debug|Any CPU
		{8EDF4429-251A-416D-BB68-93F227191BCF}.Release|Any CPU.ActiveCfg = Release|Any CPU
		{8EDF4429-251A-416D-BB68-93F227191BCF}.Release|Any CPU.Build.0 = Release|Any CPU
		{ABB0231E-B6CA-47F2-B488-EBD7032FB673}.Debug|Any CPU.ActiveCfg = Debug|Any CPU
		{ABB0231E-B6CA-47F2-B488-EBD7032FB673}.Debug|Any CPU.Build.0 = Debug|Any CPU
		{ABB0231E-B6CA-47F2-B488-EBD7032FB673}.Release|Any CPU.ActiveCfg = Release|Any CPU
		{ABB0231E-B6CA-47F2-B488-EBD7032FB673}.Release|Any CPU.Build.0 = Release|Any CPU
	EndGlobalSection
	GlobalSection(SolutionProperties) = preSolution
		HideSolutionNode = FALSE
	EndGlobalSection
	GlobalSection(NestedProjects) = preSolution
		{8EDF4429-251A-416D-BB68-93F227191BCF} = {8A055BBA-9EDE-4A81-88C9-D20449EE3AF9}
		{ABB0231E-B6CA-47F2-B488-EBD7032FB673} = {8A055BBA-9EDE-4A81-88C9-D20449EE3AF9}
	EndGlobalSection
EndGlobal
